
Microsoft Visual Studio Solution File, Format Version 12.00
# Visual Studio 15
Project("{FAE04EC0-301F-11D3-BF4B-00C04F79EFBC}") = "Assembly-CSharp", "Assembly-CSharp.csproj", "{D4530833-7EDF-A7BC-D749-CA86C889664A}"
EndProject
Project("{FAE04EC0-301F-11D3-BF4B-00C04F79EFBC}") = "Unity.2D.Tilemap.Extras", "Unity.2D.Tilemap.Extras.csproj", "{A566E079-F105-BB8A-6164-F9A22FC0094C}"
EndProject
Project("{FAE04EC0-301F-11D3-BF4B-00C04F79EFBC}") = "Unity.2D.Tilemap.Extras.Editor", "Unity.2D.Tilemap.Extras.Editor.csproj", "{8C3B8E92-E593-1B57-F17E-322556C413C0}"
EndProject
Project("{FAE04EC0-301F-11D3-BF4B-00C04F79EFBC}") = "Assembly-CSharp-Editor", "Assembly-CSharp-Editor.csproj", "{E7B3D600-22AD-AC0D-72B8-70FD029AF9AF}"
EndProject
Global
	GlobalSection(SolutionConfigurationPlatforms) = preSolution
		Debug|Any CPU = Debug|Any CPU
		Release|Any CPU = Release|Any CPU
	EndGlobalSection
	GlobalSection(ProjectConfigurationPlatforms) = postSolution
		{D4530833-7EDF-A7BC-D749-CA86C889664A}.Debug|Any CPU.ActiveCfg = Debug|Any CPU
		{D4530833-7EDF-A7BC-D749-CA86C889664A}.Debug|Any CPU.Build.0 = Debug|Any CPU
		{D4530833-7EDF-A7BC-D749-CA86C889664A}.Release|Any CPU.ActiveCfg = Release|Any CPU
		{D4530833-7EDF-A7BC-D749-CA86C889664A}.Release|Any CPU.Build.0 = Release|Any CPU
		{A566E079-F105-BB8A-6164-F9A22FC0094C}.Debug|Any CPU.ActiveCfg = Debug|Any CPU
		{A566E079-F105-BB8A-6164-F9A22FC0094C}.Debug|Any CPU.Build.0 = Debug|Any CPU
		{A566E079-F105-BB8A-6164-F9A22FC0094C}.Release|Any CPU.ActiveCfg = Release|Any CPU
		{A566E079-F105-BB8A-6164-F9A22FC0094C}.Release|Any CPU.Build.0 = Release|Any CPU
		{8C3B8E92-E593-1B57-F17E-322556C413C0}.Debug|Any CPU.ActiveCfg = Debug|Any CPU
		{8C3B8E92-E593-1B57-F17E-322556C413C0}.Debug|Any CPU.Build.0 = Debug|Any CPU
		{8C3B8E92-E593-1B57-F17E-322556C413C0}.Release|Any CPU.ActiveCfg = Release|Any CPU
		{8C3B8E92-E593-1B57-F17E-322556C413C0}.Release|Any CPU.Build.0 = Release|Any CPU
		{E7B3D600-22AD-AC0D-72B8-70FD029AF9AF}.Debug|Any CPU.ActiveCfg = Debug|Any CPU
		{E7B3D600-22AD-AC0D-72B8-70FD029AF9AF}.Debug|Any CPU.Build.0 = Debug|Any CPU
		{E7B3D600-22AD-AC0D-72B8-70FD029AF9AF}.Release|Any CPU.ActiveCfg = Release|Any CPU
		{E7B3D600-22AD-AC0D-72B8-70FD029AF9AF}.Release|Any CPU.Build.0 = Release|Any CPU
	EndGlobalSection
	GlobalSection(SolutionProperties) = preSolution
		HideSolutionNode = FALSE
	EndGlobalSection
EndGlobal
